
Microsoft Visual Studio Solution File, Format Version 12.00
# Visual Studio 15
VisualStudioVersion = 15.0.28307.136
MinimumVisualStudioVersion = 10.0.40219.1
Project("{FAE04EC0-301F-11D3-BF4B-00C04F79EFBC}") = "CarSale", "CarSale\CarSale.csproj", "{91E94287-CFE6-4A3A-A329-1508DD8B0BBC}"
EndProject
Global
	GlobalSection(SolutionConfigurationPlatforms) = preSolution
		Debug|Any CPU = Debug|Any CPU
		Release|Any CPU = Release|Any CPU
	EndGlobalSection
	GlobalSection(ProjectConfigurationPlatforms) = postSolution
		{91E94287-CFE6-4A3A-A329-1508DD8B0BBC}.Debug|Any CPU.ActiveCfg = Debug|Any CPU
		{91E94287-CFE6-4A3A-A329-1508DD8B0BBC}.Debug|Any CPU.Build.0 = Debug|Any CPU
		{91E94287-CFE6-4A3A-A329-1508DD8B0BBC}.Release|Any CPU.ActiveCfg = Release|Any CPU
		{91E94287-CFE6-4A3A-A329-1508DD8B0BBC}.Release|Any CPU.Build.0 = Release|Any CPU
	EndGlobalSection
	GlobalSection(SolutionProperties) = preSolution
		HideSolutionNode = FALSE
	EndGlobalSection
	GlobalSection(ExtensibilityGlobals) = postSolution
		SolutionGuid = {674D6601-E2EE-411F-BCBE-F0DE439E9B56}
	EndGlobalSection
EndGlobal
